
Microsoft Visual Studio Solution File, Format Version 12.00
# Visual Studio 2012
Project("{FAE04EC0-301F-11D3-BF4B-00C04F79EFBC}") = "MattyControls", "MattyControls\MattyControls.csproj", "{89DE2FBF-6F4B-4FC3-8211-2DCC720218B4}"
EndProject
Global
	GlobalSection(SolutionConfigurationPlatforms) = preSolution
		Debug|Any CPU = Debug|Any CPU
		Release|Any CPU = Release|Any CPU
	EndGlobalSection
	GlobalSection(ProjectConfigurationPlatforms) = postSolution
		{89DE2FBF-6F4B-4FC3-8211-2DCC720218B4}.Debug|Any CPU.ActiveCfg = Debug|Any CPU
		{89DE2FBF-6F4B-4FC3-8211-2DCC720218B4}.Debug|Any CPU.Build.0 = Debug|Any CPU
		{89DE2FBF-6F4B-4FC3-8211-2DCC720218B4}.Release|Any CPU.ActiveCfg = Release|Any CPU
		{89DE2FBF-6F4B-4FC3-8211-2DCC720218B4}.Release|Any CPU.Build.0 = Release|Any CPU
	EndGlobalSection
	GlobalSection(SolutionProperties) = preSolution
		HideSolutionNode = FALSE
	EndGlobalSection
EndGlobal
